{
  "version": 4,
  "terraform_version": "1.2.4",
  "serial": 9,
  "lineage": "d654b2fb-c1e5-815a-5229-980e7c593572",
  "outputs": {},
  "resources": [
    {
      "mode": "data",
      "type": "google_compute_network",
      "name": "tst_vpc",
      "provider": "provider[\"registry.terraform.io/hashicorp/google\"]",
      "instances": [
        {
          "schema_version": 0,
          "attributes": {
            "description": "",
            "gateway_ipv4": "",
            "id": "projects/stellar-utility-356407/global/networks/vpc-network",
            "name": "vpc-network",
            "project": "stellar-utility-356407",
            "self_link": "https://www.googleapis.com/compute/v1/projects/stellar-utility-356407/global/networks/vpc-network",
            "subnetworks_self_links": [
              "https://www.googleapis.com/compute/v1/projects/stellar-utility-356407/regions/us-central1/subnetworks/fdn-tst-subnet-01",
              "https://www.googleapis.com/compute/v1/projects/stellar-utility-356407/regions/us-central1/subnetworks/fdn-tst-subnet-02"
            ]
          },
          "sensitive_attributes": []
        }
      ]
    },
    {
      "mode": "data",
      "type": "google_compute_subnetwork",
      "name": "my-subnetwork",
      "provider": "provider[\"registry.terraform.io/hashicorp/google\"]",
      "instances": [
        {
          "schema_version": 0,
          "attributes": {
            "description": "",
            "gateway_address": "10.0.40.1",
            "id": "projects/stellar-utility-356407/regions/us-central1/subnetworks/fdn-tst-subnet-01",
            "ip_cidr_range": "10.0.40.0/24",
            "name": "fdn-tst-subnet-01",
            "network": "https://www.googleapis.com/compute/v1/projects/stellar-utility-356407/global/networks/vpc-network",
            "private_ip_google_access": true,
            "project": "stellar-utility-356407",
            "region": "us-central1",
            "secondary_ip_range": [],
            "self_link": "https://www.googleapis.com/compute/v1/projects/stellar-utility-356407/regions/us-central1/subnetworks/fdn-tst-subnet-01"
          },
          "sensitive_attributes": []
        }
      ]
    },
    {
      "mode": "managed",
      "type": "google_compute_address",
      "name": "static",
      "provider": "provider[\"registry.terraform.io/hashicorp/google\"]",
      "instances": [
        {
          "schema_version": 0,
          "attributes": {
            "address": "34.123.163.217",
            "address_type": "EXTERNAL",
            "creation_timestamp": "2022-07-18T04:22:10.492-07:00",
            "description": "",
            "id": "projects/stellar-utility-356407/regions/us-central1/addresses/vm-public-address",
            "name": "vm-public-address",
            "network": "",
            "network_tier": "PREMIUM",
            "prefix_length": 0,
            "project": "stellar-utility-356407",
            "purpose": "",
            "region": "us-central1",
            "self_link": "https://www.googleapis.com/compute/v1/projects/stellar-utility-356407/regions/us-central1/addresses/vm-public-address",
            "subnetwork": "",
            "timeouts": null,
            "users": []
          },
          "sensitive_attributes": [],
          "private": "eyJlMmJmYjczMC1lY2FhLTExZTYtOGY4OC0zNDM2M2JjN2M0YzAiOnsiY3JlYXRlIjoxMjAwMDAwMDAwMDAwLCJkZWxldGUiOjEyMDAwMDAwMDAwMDB9fQ==",
          "dependencies": [
            "data.google_compute_network.tst_vpc",
            "google_compute_firewall.firewall"
          ]
        }
      ]
    },
    {
      "mode": "managed",
      "type": "google_compute_firewall",
      "name": "firewall",
      "provider": "provider[\"registry.terraform.io/hashicorp/google\"]",
      "instances": [
        {
          "schema_version": 1,
          "attributes": {
            "allow": [
              {
                "ports": [
                  "22"
                ],
                "protocol": "tcp"
              }
            ],
            "creation_timestamp": "2022-07-18T04:21:56.854-07:00",
            "deny": [],
            "description": "",
            "destination_ranges": [],
            "direction": "INGRESS",
            "disabled": false,
            "enable_logging": null,
            "id": "projects/stellar-utility-356407/global/firewalls/gritfy-firewall-externalssh",
            "log_config": [],
            "name": "gritfy-firewall-externalssh",
            "network": "https://www.googleapis.com/compute/v1/projects/stellar-utility-356407/global/networks/vpc-network",
            "priority": 1000,
            "project": "stellar-utility-356407",
            "self_link": "https://www.googleapis.com/compute/v1/projects/stellar-utility-356407/global/firewalls/gritfy-firewall-externalssh",
            "source_ranges": [
              "0.0.0.0/0"
            ],
            "source_service_accounts": [],
            "source_tags": [],
            "target_service_accounts": [],
            "target_tags": [
              "externalssh"
            ],
            "timeouts": null
          },
          "sensitive_attributes": [],
          "private": "eyJlMmJmYjczMC1lY2FhLTExZTYtOGY4OC0zNDM2M2JjN2M0YzAiOnsiY3JlYXRlIjoxMjAwMDAwMDAwMDAwLCJkZWxldGUiOjEyMDAwMDAwMDAwMDAsInVwZGF0ZSI6MTIwMDAwMDAwMDAwMH0sInNjaGVtYV92ZXJzaW9uIjoiMSJ9",
          "dependencies": [
            "data.google_compute_network.tst_vpc"
          ]
        }
      ]
    },
    {
      "mode": "managed",
      "type": "google_compute_firewall",
      "name": "webserverrule",
      "provider": "provider[\"registry.terraform.io/hashicorp/google\"]",
      "instances": [
        {
          "schema_version": 1,
          "attributes": {
            "allow": [
              {
                "ports": [
                  "80",
                  "443"
                ],
                "protocol": "tcp"
              }
            ],
            "creation_timestamp": "2022-07-18T04:21:57.401-07:00",
            "deny": [],
            "description": "",
            "destination_ranges": [],
            "direction": "INGRESS",
            "disabled": false,
            "enable_logging": null,
            "id": "projects/stellar-utility-356407/global/firewalls/gritfy-webserver",
            "log_config": [],
            "name": "gritfy-webserver",
            "network": "https://www.googleapis.com/compute/v1/projects/stellar-utility-356407/global/networks/vpc-network",
            "priority": 1000,
            "project": "stellar-utility-356407",
            "self_link": "https://www.googleapis.com/compute/v1/projects/stellar-utility-356407/global/firewalls/gritfy-webserver",
            "source_ranges": [
              "0.0.0.0/0"
            ],
            "source_service_accounts": [],
            "source_tags": [],
            "target_service_accounts": [],
            "target_tags": [
              "webserver"
            ],
            "timeouts": null
          },
          "sensitive_attributes": [],
          "private": "eyJlMmJmYjczMC1lY2FhLTExZTYtOGY4OC0zNDM2M2JjN2M0YzAiOnsiY3JlYXRlIjoxMjAwMDAwMDAwMDAwLCJkZWxldGUiOjEyMDAwMDAwMDAwMDAsInVwZGF0ZSI6MTIwMDAwMDAwMDAwMH0sInNjaGVtYV92ZXJzaW9uIjoiMSJ9",
          "dependencies": [
            "data.google_compute_network.tst_vpc"
          ]
        }
      ]
    },
    {
      "mode": "managed",
      "type": "google_compute_instance",
      "name": "terraform-instance",
      "provider": "provider[\"registry.terraform.io/hashicorp/google\"]",
      "instances": [
        {
          "schema_version": 6,
          "attributes": {
            "advanced_machine_features": [],
            "allow_stopping_for_update": null,
            "attached_disk": [],
            "boot_disk": [
              {
                "auto_delete": true,
                "device_name": "persistent-disk-0",
                "disk_encryption_key_raw": "",
                "disk_encryption_key_sha256": "",
                "initialize_params": [
                  {
                    "image": "https://www.googleapis.com/compute/v1/projects/centos-cloud/global/images/centos-7-v20220621",
                    "labels": {},
                    "size": 20,
                    "type": "pd-standard"
                  }
                ],
                "kms_key_self_link": "",
                "mode": "READ_WRITE",
                "source": "https://www.googleapis.com/compute/v1/projects/stellar-utility-356407/zones/us-central1-a/disks/myterravm"
              }
            ],
            "can_ip_forward": false,
            "confidential_instance_config": [],
            "cpu_platform": "Intel Haswell",
            "current_status": "RUNNING",
            "deletion_protection": false,
            "description": "",
            "desired_status": null,
            "enable_display": false,
            "guest_accelerator": [],
            "hostname": "",
            "id": "projects/stellar-utility-356407/zones/us-central1-a/instances/myterravm",
            "instance_id": "7240710429175509968",
            "label_fingerprint": "42WmSpB8rSM=",
            "labels": null,
            "machine_type": "f1-micro",
            "metadata": null,
            "metadata_fingerprint": "lu8j7L-xmyo=",
            "metadata_startup_script": null,
            "min_cpu_platform": "",
            "name": "myterravm",
            "network_interface": [
              {
                "access_config": [
                  {
                    "nat_ip": "34.123.163.217",
                    "network_tier": "PREMIUM",
                    "public_ptr_domain_name": ""
                  }
                ],
                "alias_ip_range": [],
                "ipv6_access_config": [],
                "ipv6_access_type": "",
                "name": "nic0",
                "network": "https://www.googleapis.com/compute/v1/projects/stellar-utility-356407/global/networks/vpc-network",
                "network_ip": "10.0.40.2",
                "nic_type": "",
                "queue_count": 0,
                "stack_type": "IPV4_ONLY",
                "subnetwork": "https://www.googleapis.com/compute/v1/projects/stellar-utility-356407/regions/us-central1/subnetworks/fdn-tst-subnet-01",
                "subnetwork_project": "stellar-utility-356407"
              }
            ],
            "project": "stellar-utility-356407",
            "reservation_affinity": [],
            "resource_policies": null,
            "scheduling": [
              {
                "automatic_restart": true,
                "min_node_cpus": 0,
                "node_affinities": [],
                "on_host_maintenance": "MIGRATE",
                "preemptible": false,
                "provisioning_model": "STANDARD"
              }
            ],
            "scratch_disk": [],
            "self_link": "https://www.googleapis.com/compute/v1/projects/stellar-utility-356407/zones/us-central1-a/instances/myterravm",
            "service_account": [],
            "shielded_instance_config": [
              {
                "enable_integrity_monitoring": true,
                "enable_secure_boot": false,
                "enable_vtpm": true
              }
            ],
            "tags": [
              "externalssh",
              "webserver"
            ],
            "tags_fingerprint": "Mh9u1hBHiNA=",
            "timeouts": null,
            "zone": "us-central1-a"
          },
          "sensitive_attributes": [],
          "private": "eyJlMmJmYjczMC1lY2FhLTExZTYtOGY4OC0zNDM2M2JjN2M0YzAiOnsiY3JlYXRlIjoxMjAwMDAwMDAwMDAwLCJkZWxldGUiOjEyMDAwMDAwMDAwMDAsInVwZGF0ZSI6MTIwMDAwMDAwMDAwMH0sInNjaGVtYV92ZXJzaW9uIjoiNiJ9",
          "dependencies": [
            "data.google_compute_subnetwork.my-subnetwork",
            "google_compute_address.static"
          ]
        }
      ]
    }
  ]
}
